
Microsoft Visual Studio Solution File, Format Version 12.00
# Visual Studio Version 16
VisualStudioVersion = 16.0.31729.503
MinimumVisualStudioVersion = 10.0.40219.1
Project("{FAE04EC0-301F-11D3-BF4B-00C04F79EFBC}") = "efitec", "efitec.csproj", "{C9ABF900-2C64-4D6F-A4AC-A8E4FA11514D}"
EndProject
Global
	GlobalSection(SolutionConfigurationPlatforms) = preSolution
		Debug|Any CPU = Debug|Any CPU
		Release|Any CPU = Release|Any CPU
	EndGlobalSection
	GlobalSection(ProjectConfigurationPlatforms) = postSolution
		{C9ABF900-2C64-4D6F-A4AC-A8E4FA11514D}.Debug|Any CPU.ActiveCfg = Debug|Any CPU
		{C9ABF900-2C64-4D6F-A4AC-A8E4FA11514D}.Debug|Any CPU.Build.0 = Debug|Any CPU
		{C9ABF900-2C64-4D6F-A4AC-A8E4FA11514D}.Release|Any CPU.ActiveCfg = Release|Any CPU
		{C9ABF900-2C64-4D6F-A4AC-A8E4FA11514D}.Release|Any CPU.Build.0 = Release|Any CPU
	EndGlobalSection
	GlobalSection(SolutionProperties) = preSolution
		HideSolutionNode = FALSE
	EndGlobalSection
	GlobalSection(ExtensibilityGlobals) = postSolution
		SolutionGuid = {065E8B62-8D29-472D-B02E-343B70BF211A}
	EndGlobalSection
EndGlobal
